
Microsoft Visual Studio Solution File, Format Version 12.00
# Visual Studio Version 17
VisualStudioVersion = 17.2.32630.192
MinimumVisualStudioVersion = 10.0.40219.1
Project("{FAE04EC0-301F-11D3-BF4B-00C04F79EFBC}") = "day3UC", "day3UC.csproj", "{228800C6-7EDC-4EEE-B8CC-6D0243DA58F6}"
EndProject
Global
	GlobalSection(SolutionConfigurationPlatforms) = preSolution
		Debug|Any CPU = Debug|Any CPU
		Release|Any CPU = Release|Any CPU
	EndGlobalSection
	GlobalSection(ProjectConfigurationPlatforms) = postSolution
		{228800C6-7EDC-4EEE-B8CC-6D0243DA58F6}.Debug|Any CPU.ActiveCfg = Debug|Any CPU
		{228800C6-7EDC-4EEE-B8CC-6D0243DA58F6}.Debug|Any CPU.Build.0 = Debug|Any CPU
		{228800C6-7EDC-4EEE-B8CC-6D0243DA58F6}.Release|Any CPU.ActiveCfg = Release|Any CPU
		{228800C6-7EDC-4EEE-B8CC-6D0243DA58F6}.Release|Any CPU.Build.0 = Release|Any CPU
	EndGlobalSection
	GlobalSection(SolutionProperties) = preSolution
		HideSolutionNode = FALSE
	EndGlobalSection
	GlobalSection(ExtensibilityGlobals) = postSolution
		SolutionGuid = {D3D80B72-383D-4954-A2ED-2A70A4E1BBF0}
	EndGlobalSection
EndGlobal
